// !$*UTF8*$!
{
	archiveVersion = 1;
	classes = {
	};
	objectVersion = 56;
	objects = {

/* Begin PBXBuildFile section */
		12054D4229E12CDE006D46EF /* ScanMyMoneyPrototypeApp.swift in Sources */ = {isa = PBXBuildFile; fileRef = 12054D4129E12CDE006D46EF /* ScanMyMoneyPrototypeApp.swift */; };
		12054D4429E12CDE006D46EF /* ContentView.swift in Sources */ = {isa = PBXBuildFile; fileRef = 12054D4329E12CDE006D46EF /* ContentView.swift */; };
		12054D4629E12CE0006D46EF /* Assets.xcassets in Resources */ = {isa = PBXBuildFile; fileRef = 12054D4529E12CE0006D46EF /* Assets.xcassets */; };
		12054D4929E12CE0006D46EF /* Preview Assets.xcassets in Resources */ = {isa = PBXBuildFile; fileRef = 12054D4829E12CE0006D46EF /* Preview Assets.xcassets */; };
		121F5DEC29EFC8FD0093FC95 /* MatchedView.swift in Sources */ = {isa = PBXBuildFile; fileRef = 121F5DEB29EFC8FD0093FC95 /* MatchedView.swift */; };
		121F5DEF29F06D250093FC95 /* Launch Screen.storyboard in Resources */ = {isa = PBXBuildFile; fileRef = 121F5DEE29F06D250093FC95 /* Launch Screen.storyboard */; };
		1269517729F09161007E1606 /* imagePicker.swift in Sources */ = {isa = PBXBuildFile; fileRef = 1269517629F09161007E1606 /* imagePicker.swift */; };
		1269517A29F09EB4007E1606 /* Info.plist in Resources */ = {isa = PBXBuildFile; fileRef = 1269517929F09EB4007E1606 /* Info.plist */; };
/* End PBXBuildFile section */

/* Begin PBXFileReference section */
		12054D3E29E12CDE006D46EF /* ScanMyMoneyPrototype.app */ = {isa = PBXFileReference; explicitFileType = wrapper.application; includeInIndex = 0; path = ScanMyMoneyPrototype.app; sourceTree = BUILT_PRODUCTS_DIR; };
		12054D4129E12CDE006D46EF /* ScanMyMoneyPrototypeApp.swift */ = {isa = PBXFileReference; lastKnownFileType = sourcecode.swift; path = ScanMyMoneyPrototypeApp.swift; sourceTree = "<group>"; };
		12054D4329E12CDE006D46EF /* ContentView.swift */ = {isa = PBXFileReference; lastKnownFileType = sourcecode.swift; path = ContentView.swift; sourceTree = "<group>"; };
		12054D4529E12CE0006D46EF /* Assets.xcassets */ = {isa = PBXFileReference; lastKnownFileType = folder.assetcatalog; path = Assets.xcassets; sourceTree = "<group>"; };
		12054D4829E12CE0006D46EF /* Preview Assets.xcassets */ = {isa = PBXFileReference; lastKnownFileType = folder.assetcatalog; path = "Preview Assets.xcassets"; sourceTree = "<group>"; };
		121F5DEB29EFC8FD0093FC95 /* MatchedView.swift */ = {isa = PBXFileReference; lastKnownFileType = sourcecode.swift; path = MatchedView.swift; sourceTree = "<group>"; };
		121F5DEE29F06D250093FC95 /* Launch Screen.storyboard */ = {isa = PBXFileReference; lastKnownFileType = file.storyboard; path = "Launch Screen.storyboard"; sourceTree = "<group>"; };
		1269517629F09161007E1606 /* imagePicker.swift */ = {isa = PBXFileReference; lastKnownFileType = sourcecode.swift; path = imagePicker.swift; sourceTree = "<group>"; };
		1269517929F09EB4007E1606 /* Info.plist */ = {isa = PBXFileReference; lastKnownFileType = text.plist.xml; path = Info.plist; sourceTree = "<group>"; };
/* End PBXFileReference section */

/* Begin PBXFrameworksBuildPhase section */
		12054D3B29E12CDE006D46EF /* Frameworks */ = {
			isa = PBXFrameworksBuildPhase;
			buildActionMask = 2147483647;
			files = (
			);
			runOnlyForDeploymentPostprocessing = 0;
		};
/* End PBXFrameworksBuildPhase section */

/* Begin PBXGroup section */
		12054D3529E12CDE006D46EF = {
			isa = PBXGroup;
			children = (
				12054D4029E12CDE006D46EF /* ScanMyMoneyPrototype */,
				12054D3F29E12CDE006D46EF /* Products */,
			);
			sourceTree = "<group>";
		};
		12054D3F29E12CDE006D46EF /* Products */ = {
			isa = PBXGroup;
			children = (
				12054D3E29E12CDE006D46EF /* ScanMyMoneyPrototype.app */,
			);
			name = Products;
			sourceTree = "<group>";
		};
		12054D4029E12CDE006D46EF /* ScanMyMoneyPrototype */ = {
			isa = PBXGroup;
			children = (
				1269517929F09EB4007E1606 /* Info.plist */,
				121F5DED29EFC9380093FC95 /* Views */,
				12054D4529E12CE0006D46EF /* Assets.xcassets */,
				12054D4729E12CE0006D46EF /* Preview Content */,
			);
			path = ScanMyMoneyPrototype;
			sourceTree = "<group>";
		};
		12054D4729E12CE0006D46EF /* Preview Content */ = {
			isa = PBXGroup;
			children = (
				1269517629F09161007E1606 /* imagePicker.swift */,
				12054D4829E12CE0006D46EF /* Preview Assets.xcassets */,
			);
			path = "Preview Content";
			sourceTree = "<group>";
		};
		121F5DED29EFC9380093FC95 /* Views */ = {
			isa = PBXGroup;
			children = (
				12054D4129E12CDE006D46EF /* ScanMyMoneyPrototypeApp.swift */,
				12054D4329E12CDE006D46EF /* ContentView.swift */,
				121F5DEE29F06D250093FC95 /* Launch Screen.storyboard */,
				121F5DEB29EFC8FD0093FC95 /* MatchedView.swift */,
			);
			path = Views;
			sourceTree = "<group>";
		};
/* End PBXGroup section */

/* Begin PBXNativeTarget section */
		12054D3D29E12CDE006D46EF /* ScanMyMoneyPrototype */ = {
			isa = PBXNativeTarget;
			buildConfigurationList = 12054D4C29E12CE0006D46EF /* Build configuration list for PBXNativeTarget "ScanMyMoneyPrototype" */;
			buildPhases = (
				12054D3A29E12CDE006D46EF /* Sources */,
				12054D3B29E12CDE006D46EF /* Frameworks */,
				12054D3C29E12CDE006D46EF /* Resources */,
			);
			buildRules = (
			);
			dependencies = (
			);
			name = ScanMyMoneyPrototype;
			productName = ScanMyMoneyPrototype;
			productReference = 12054D3E29E12CDE006D46EF /* ScanMyMoneyPrototype.app */;
			productType = "com.apple.product-type.application";
		};
/* End PBXNativeTarget section */

/* Begin PBXProject section */
		12054D3629E12CDE006D46EF /* Project object */ = {
			isa = PBXProject;
			attributes = {
				BuildIndependentTargetsInParallel = 1;
				LastSwiftUpdateCheck = 1420;
				LastUpgradeCheck = 1420;
				TargetAttributes = {
					12054D3D29E12CDE006D46EF = {
						CreatedOnToolsVersion = 14.2;
					};
				};
			};
			buildConfigurationList = 12054D3929E12CDE006D46EF /* Build configuration list for PBXProject "ScanMyMoneyPrototype" */;
			compatibilityVersion = "Xcode 14.0";
			developmentRegion = en;
			hasScannedForEncodings = 0;
			knownRegions = (
				en,
				Base,
			);
			mainGroup = 12054D3529E12CDE006D46EF;
			productRefGroup = 12054D3F29E12CDE006D46EF /* Products */;
			projectDirPath = "";
			projectRoot = "";
			targets = (
				12054D3D29E12CDE006D46EF /* ScanMyMoneyPrototype */,
			);
		};
/* End PBXProject section */

/* Begin PBXResourcesBuildPhase section */
		12054D3C29E12CDE006D46EF /* Resources */ = {
			isa = PBXResourcesBuildPhase;
			buildActionMask = 2147483647;
			files = (
				1269517A29F09EB4007E1606 /* Info.plist in Resources */,
				121F5DEF29F06D250093FC95 /* Launch Screen.storyboard in Resources */,
				12054D4929E12CE0006D46EF /* Preview Assets.xcassets in Resources */,
				12054D4629E12CE0006D46EF /* Assets.xcassets in Resources */,
			);
			runOnlyForDeploymentPostprocessing = 0;
		};
/* End PBXResourcesBuildPhase section */

/* Begin PBXSourcesBuildPhase section */
		12054D3A29E12CDE006D46EF /* Sources */ = {
			isa = PBXSourcesBuildPhase;
			buildActionMask = 2147483647;
			files = (
				12054D4429E12CDE006D46EF /* ContentView.swift in Sources */,
				1269517729F09161007E1606 /* imagePicker.swift in Sources */,
				121F5DEC29EFC8FD0093FC95 /* MatchedView.swift in Sources */,
				12054D4229E12CDE006D46EF /* ScanMyMoneyPrototypeApp.swift in Sources */,
			);
			runOnlyForDeploymentPostprocessing = 0;
		};
/* End PBXSourcesBuildPhase section */

/* Begin XCBuildConfiguration section */
		12054D4A29E12CE0006D46EF /* Debug */ = {
			isa = XCBuildConfiguration;
			buildSettings = {
				ALWAYS_SEARCH_USER_PATHS = NO;
				CLANG_ANALYZER_NONNULL = YES;
				CLANG_ANALYZER_NUMBER_OBJECT_CONVERSION = YES_AGGRESSIVE;
				CLANG_CXX_LANGUAGE_STANDARD = "gnu++20";
				CLANG_ENABLE_MODULES = YES;
				CLANG_ENABLE_OBJC_ARC = YES;
				CLANG_ENABLE_OBJC_WEAK = YES;
				CLANG_WARN_BLOCK_CAPTURE_AUTORELEASING = YES;
				CLANG_WARN_BOOL_CONVERSION = YES;
				CLANG_WARN_COMMA = YES;
				CLANG_WARN_CONSTANT_CONVERSION = YES;
				CLANG_WARN_DEPRECATED_OBJC_IMPLEMENTATIONS = YES;
				CLANG_WARN_DIRECT_OBJC_ISA_USAGE = YES_ERROR;
				CLANG_WARN_DOCUMENTATION_COMMENTS = YES;
				CLANG_WARN_EMPTY_BODY = YES;
				CLANG_WARN_ENUM_CONVERSION = YES;
				CLANG_WARN_INFINITE_RECURSION = YES;
				CLANG_WARN_INT_CONVERSION = YES;
				CLANG_WARN_NON_LITERAL_NULL_CONVERSION = YES;
				CLANG_WARN_OBJC_IMPLICIT_RETAIN_SELF = YES;
				CLANG_WARN_OBJC_LITERAL_CONVERSION = YES;
				CLANG_WARN_OBJC_ROOT_CLASS = YES_ERROR;
				CLANG_WARN_QUOTED_INCLUDE_IN_FRAMEWORK_HEADER = YES;
				CLANG_WARN_RANGE_LOOP_ANALYSIS = YES;
				CLANG_WARN_STRICT_PROTOTYPES = YES;
				CLANG_WARN_SUSPICIOUS_MOVE = YES;
				CLANG_WARN_UNGUARDED_AVAILABILITY = YES_AGGRESSIVE;
				CLANG_WARN_UNREACHABLE_CODE = YES;
				CLANG_WARN__DUPLICATE_METHOD_MATCH = YES;
				COPY_PHASE_STRIP = NO;
				DEBUG_INFORMATION_FORMAT = dwarf;
				ENABLE_STRICT_OBJC_MSGSEND = YES;
				ENABLE_TESTABILITY = YES;
				GCC_C_LANGUAGE_STANDARD = gnu11;
				GCC_DYNAMIC_NO_PIC = NO;
				GCC_NO_COMMON_BLOCKS = YES;
				GCC_OPTIMIZATION_LEVEL = 0;
				GCC_PREPROCESSOR_DEFINITIONS = (
					"DEBUG=1",
					"$(inherited)",
				);
				GCC_WARN_64_TO_32_BIT_CONVERSION = YES;
				GCC_WARN_ABOUT_RETURN_TYPE = YES_ERROR;
				GCC_WARN_UNDECLARED_SELECTOR = YES;
				GCC_WARN_UNINITIALIZED_AUTOS = YES_AGGRESSIVE;
				GCC_WARN_UNUSED_FUNCTION = YES;
				GCC_WARN_UNUSED_VARIABLE = YES;
				IPHONEOS_DEPLOYMENT_TARGET = 16.2;
				MTL_ENABLE_DEBUG_INFO = INCLUDE_SOURCE;
				MTL_FAST_MATH = YES;
				ONLY_ACTIVE_ARCH = YES;
				SDKROOT = iphoneos;
				SWIFT_ACTIVE_COMPILATION_CONDITIONS = DEBUG;
				SWIFT_OPTIMIZATION_LEVEL = "-Onone";
			};
			name = Debug;
		};
		12054D4B29E12CE0006D46EF /* Release */ = {
			isa = XCBuildConfiguration;
			buildSettings = {
				ALWAYS_SEARCH_USER_PATHS = NO;
				CLANG_ANALYZER_NONNULL = YES;
				CLANG_ANALYZER_NUMBER_OBJECT_CONVERSION = YES_AGGRESSIVE;
				CLANG_CXX_LANGUAGE_STANDARD = "gnu++20";
				CLANG_ENABLE_MODULES = YES;
				CLANG_ENABLE_OBJC_ARC = YES;
				CLANG_ENABLE_OBJC_WEAK = YES;
				CLANG_WARN_BLOCK_CAPTURE_AUTORELEASING = YES;
				CLANG_WARN_BOOL_CONVERSION = YES;
				CLANG_WARN_COMMA = YES;
				CLANG_WARN_CONSTANT_CONVERSION = YES;
				CLANG_WARN_DEPRECATED_OBJC_IMPLEMENTATIONS = YES;
				CLANG_WARN_DIRECT_OBJC_ISA_USAGE = YES_ERROR;
				CLANG_WARN_DOCUMENTATION_COMMENTS = YES;
				CLANG_WARN_EMPTY_BODY = YES;
				CLANG_WARN_ENUM_CONVERSION = YES;
				CLANG_WARN_INFINITE_RECURSION = YES;
				CLANG_WARN_INT_CONVERSION = YES;
				CLANG_WARN_NON_LITERAL_NULL_CONVERSION = YES;
				CLANG_WARN_OBJC_IMPLICIT_RETAIN_SELF = YES;
				CLANG_WARN_OBJC_LITERAL_CONVERSION = YES;
				CLANG_WARN_OBJC_ROOT_CLASS = YES_ERROR;
				CLANG_WARN_QUOTED_INCLUDE_IN_FRAMEWORK_HEADER = YES;
				CLANG_WARN_RANGE_LOOP_ANALYSIS = YES;
				CLANG_WARN_STRICT_PROTOTYPES = YES;
				CLANG_WARN_SUSPICIOUS_MOVE = YES;
				CLANG_WARN_UNGUARDED_AVAILABILITY = YES_AGGRESSIVE;
				CLANG_WARN_UNREACHABLE_CODE = YES;
				CLANG_WARN__DUPLICATE_METHOD_MATCH = YES;
				COPY_PHASE_STRIP = NO;
				DEBUG_INFORMATION_FORMAT = "dwarf-with-dsym";
				ENABLE_NS_ASSERTIONS = NO;
				ENABLE_STRICT_OBJC_MSGSEND = YES;
				GCC_C_LANGUAGE_STANDARD = gnu11;
				GCC_NO_COMMON_BLOCKS = YES;
				GCC_WARN_64_TO_32_BIT_CONVERSION = YES;
				GCC_WARN_ABOUT_RETURN_TYPE = YES_ERROR;
				GCC_WARN_UNDECLARED_SELECTOR = YES;
				GCC_WARN_UNINITIALIZED_AUTOS = YES_AGGRESSIVE;
				GCC_WARN_UNUSED_FUNCTION = YES;
				GCC_WARN_UNUSED_VARIABLE = YES;
				IPHONEOS_DEPLOYMENT_TARGET = 16.2;
				MTL_ENABLE_DEBUG_INFO = NO;
				MTL_FAST_MATH = YES;
				SDKROOT = iphoneos;
				SWIFT_COMPILATION_MODE = wholemodule;
				SWIFT_OPTIMIZATION_LEVEL = "-O";
				VALIDATE_PRODUCT = YES;
			};
			name = Release;
		};
		12054D4D29E12CE0006D46EF /* Debug */ = {
			isa = XCBuildConfiguration;
			buildSettings = {
				ASSETCATALOG_COMPILER_APPICON_NAME = AppIcon;
				ASSETCATALOG_COMPILER_GLOBAL_ACCENT_COLOR_NAME = AccentColor;
				CODE_SIGN_STYLE = Automatic;
				CURRENT_PROJECT_VERSION = 1;
				DEVELOPMENT_ASSET_PATHS = "\"ScanMyMoneyPrototype/Preview Content\"";
				ENABLE_PREVIEWS = YES;
				GENERATE_INFOPLIST_FILE = YES;
				INFOPLIST_KEY_UIApplicationSceneManifest_Generation = YES;
				INFOPLIST_KEY_UIApplicationSupportsIndirectInputEvents = YES;
				INFOPLIST_KEY_UILaunchScreen_Generation = YES;
				INFOPLIST_KEY_UISupportedInterfaceOrientations_iPad = "UIInterfaceOrientationPortrait UIInterfaceOrientationPortraitUpsideDown UIInterfaceOrientationLandscapeLeft UIInterfaceOrientationLandscapeRight";
				INFOPLIST_KEY_UISupportedInterfaceOrientations_iPhone = "UIInterfaceOrientationPortrait UIInterfaceOrientationLandscapeLeft UIInterfaceOrientationLandscapeRight";
				LD_RUNPATH_SEARCH_PATHS = (
					"$(inherited)",
					"@executable_path/Frameworks",
				);
				MARKETING_VERSION = 1.0;
				PRODUCT_BUNDLE_IDENTIFIER = com.cfabian.ScanMyMoneyPrototype;
				PRODUCT_NAME = "$(TARGET_NAME)";
				SWIFT_EMIT_LOC_STRINGS = YES;
				SWIFT_VERSION = 5.0;
				TARGETED_DEVICE_FAMILY = "1,2";
			};
			name = Debug;
		};
		12054D4E29E12CE0006D46EF /* Release */ = {
			isa = XCBuildConfiguration;
			buildSettings = {
				ASSETCATALOG_COMPILER_APPICON_NAME = AppIcon;
				ASSETCATALOG_COMPILER_GLOBAL_ACCENT_COLOR_NAME = AccentColor;
				CODE_SIGN_STYLE = Automatic;
				CURRENT_PROJECT_VERSION = 1;
				DEVELOPMENT_ASSET_PATHS = "\"ScanMyMoneyPrototype/Preview Content\"";
				ENABLE_PREVIEWS = YES;
				GENERATE_INFOPLIST_FILE = YES;
				INFOPLIST_KEY_UIApplicationSceneManifest_Generation = YES;
				INFOPLIST_KEY_UIApplicationSupportsIndirectInputEvents = YES;
				INFOPLIST_KEY_UILaunchScreen_Generation = YES;
				INFOPLIST_KEY_UISupportedInterfaceOrientations_iPad = "UIInterfaceOrientationPortrait UIInterfaceOrientationPortraitUpsideDown UIInterfaceOrientationLandscapeLeft UIInterfaceOrientationLandscapeRight";
				INFOPLIST_KEY_UISupportedInterfaceOrientations_iPhone = "UIInterfaceOrientationPortrait UIInterfaceOrientationLandscapeLeft UIInterfaceOrientationLandscapeRight";
				LD_RUNPATH_SEARCH_PATHS = (
					"$(inherited)",
					"@executable_path/Frameworks",
				);
				MARKETING_VERSION = 1.0;
				PRODUCT_BUNDLE_IDENTIFIER = com.cfabian.ScanMyMoneyPrototype;
				PRODUCT_NAME = "$(TARGET_NAME)";
				SWIFT_EMIT_LOC_STRINGS = YES;
				SWIFT_VERSION = 5.0;
				TARGETED_DEVICE_FAMILY = "1,2";
			};
			name = Release;
		};
/* End XCBuildConfiguration section */

/* Begin XCConfigurationList section */
		12054D3929E12CDE006D46EF /* Build configuration list for PBXProject "ScanMyMoneyPrototype" */ = {
			isa = XCConfigurationList;
			buildConfigurations = (
				12054D4A29E12CE0006D46EF /* Debug */,
				12054D4B29E12CE0006D46EF /* Release */,
			);
			defaultConfigurationIsVisible = 0;
			defaultConfigurationName = Release;
		};
		12054D4C29E12CE0006D46EF /* Build configuration list for PBXNativeTarget "ScanMyMoneyPrototype" */ = {
			isa = XCConfigurationList;
			buildConfigurations = (
				12054D4D29E12CE0006D46EF /* Debug */,
				12054D4E29E12CE0006D46EF /* Release */,
			);
			defaultConfigurationIsVisible = 0;
			defaultConfigurationName = Release;
		};
/* End XCConfigurationList section */
	};
	rootObject = 12054D3629E12CDE006D46EF /* Project object */;
}
