// !$*UTF8*$!
{
	archiveVersion = 1;
	classes = {
	};
	objectVersion = 56;
	objects = {

/* Begin PBXBuildFile section */
		12D9E5602981BE72005C59B3 /* ScanMyMoneyApp.swift in Sources */ = {isa = PBXBuildFile; fileRef = 12D9E55F2981BE72005C59B3 /* ScanMyMoneyApp.swift */; };
		12D9E5622981BE72005C59B3 /* ContentView.swift in Sources */ = {isa = PBXBuildFile; fileRef = 12D9E5612981BE72005C59B3 /* ContentView.swift */; };
		12D9E5642981BE74005C59B3 /* Assets.xcassets in Resources */ = {isa = PBXBuildFile; fileRef = 12D9E5632981BE74005C59B3 /* Assets.xcassets */; };
		12D9E5672981BE74005C59B3 /* Preview Assets.xcassets in Resources */ = {isa = PBXBuildFile; fileRef = 12D9E5662981BE74005C59B3 /* Preview Assets.xcassets */; };
		12D9E5712981BE74005C59B3 /* ScanMyMoneyTests.swift in Sources */ = {isa = PBXBuildFile; fileRef = 12D9E5702981BE74005C59B3 /* ScanMyMoneyTests.swift */; };
		12D9E57B2981BE74005C59B3 /* ScanMyMoneyUITests.swift in Sources */ = {isa = PBXBuildFile; fileRef = 12D9E57A2981BE74005C59B3 /* ScanMyMoneyUITests.swift */; };
		12D9E57D2981BE74005C59B3 /* ScanMyMoneyUITestsLaunchTests.swift in Sources */ = {isa = PBXBuildFile; fileRef = 12D9E57C2981BE74005C59B3 /* ScanMyMoneyUITestsLaunchTests.swift */; };
/* End PBXBuildFile section */

/* Begin PBXContainerItemProxy section */
		12D9E56D2981BE74005C59B3 /* PBXContainerItemProxy */ = {
			isa = PBXContainerItemProxy;
			containerPortal = 12D9E5542981BE72005C59B3 /* Project object */;
			proxyType = 1;
			remoteGlobalIDString = 12D9E55B2981BE72005C59B3;
			remoteInfo = ScanMyMoney;
		};
		12D9E5772981BE74005C59B3 /* PBXContainerItemProxy */ = {
			isa = PBXContainerItemProxy;
			containerPortal = 12D9E5542981BE72005C59B3 /* Project object */;
			proxyType = 1;
			remoteGlobalIDString = 12D9E55B2981BE72005C59B3;
			remoteInfo = ScanMyMoney;
		};
/* End PBXContainerItemProxy section */

/* Begin PBXFileReference section */
		12D9E55C2981BE72005C59B3 /* ScanMyMoney.app */ = {isa = PBXFileReference; explicitFileType = wrapper.application; includeInIndex = 0; path = ScanMyMoney.app; sourceTree = BUILT_PRODUCTS_DIR; };
		12D9E55F2981BE72005C59B3 /* ScanMyMoneyApp.swift */ = {isa = PBXFileReference; lastKnownFileType = sourcecode.swift; path = ScanMyMoneyApp.swift; sourceTree = "<group>"; };
		12D9E5612981BE72005C59B3 /* ContentView.swift */ = {isa = PBXFileReference; lastKnownFileType = sourcecode.swift; path = ContentView.swift; sourceTree = "<group>"; };
		12D9E5632981BE74005C59B3 /* Assets.xcassets */ = {isa = PBXFileReference; lastKnownFileType = folder.assetcatalog; path = Assets.xcassets; sourceTree = "<group>"; };
		12D9E5662981BE74005C59B3 /* Preview Assets.xcassets */ = {isa = PBXFileReference; lastKnownFileType = folder.assetcatalog; path = "Preview Assets.xcassets"; sourceTree = "<group>"; };
		12D9E56C2981BE74005C59B3 /* ScanMyMoneyTests.xctest */ = {isa = PBXFileReference; explicitFileType = wrapper.cfbundle; includeInIndex = 0; path = ScanMyMoneyTests.xctest; sourceTree = BUILT_PRODUCTS_DIR; };
		12D9E5702981BE74005C59B3 /* ScanMyMoneyTests.swift */ = {isa = PBXFileReference; lastKnownFileType = sourcecode.swift; path = ScanMyMoneyTests.swift; sourceTree = "<group>"; };
		12D9E5762981BE74005C59B3 /* ScanMyMoneyUITests.xctest */ = {isa = PBXFileReference; explicitFileType = wrapper.cfbundle; includeInIndex = 0; path = ScanMyMoneyUITests.xctest; sourceTree = BUILT_PRODUCTS_DIR; };
		12D9E57A2981BE74005C59B3 /* ScanMyMoneyUITests.swift */ = {isa = PBXFileReference; lastKnownFileType = sourcecode.swift; path = ScanMyMoneyUITests.swift; sourceTree = "<group>"; };
		12D9E57C2981BE74005C59B3 /* ScanMyMoneyUITestsLaunchTests.swift */ = {isa = PBXFileReference; lastKnownFileType = sourcecode.swift; path = ScanMyMoneyUITestsLaunchTests.swift; sourceTree = "<group>"; };
/* End PBXFileReference section */

/* Begin PBXFrameworksBuildPhase section */
		12D9E5592981BE72005C59B3 /* Frameworks */ = {
			isa = PBXFrameworksBuildPhase;
			buildActionMask = 2147483647;
			files = (
			);
			runOnlyForDeploymentPostprocessing = 0;
		};
		12D9E5692981BE74005C59B3 /* Frameworks */ = {
			isa = PBXFrameworksBuildPhase;
			buildActionMask = 2147483647;
			files = (
			);
			runOnlyForDeploymentPostprocessing = 0;
		};
		12D9E5732981BE74005C59B3 /* Frameworks */ = {
			isa = PBXFrameworksBuildPhase;
			buildActionMask = 2147483647;
			files = (
			);
			runOnlyForDeploymentPostprocessing = 0;
		};
/* End PBXFrameworksBuildPhase section */

/* Begin PBXGroup section */
		12D9E5532981BE72005C59B3 = {
			isa = PBXGroup;
			children = (
				12D9E55E2981BE72005C59B3 /* ScanMyMoney */,
				12D9E56F2981BE74005C59B3 /* ScanMyMoneyTests */,
				12D9E5792981BE74005C59B3 /* ScanMyMoneyUITests */,
				12D9E55D2981BE72005C59B3 /* Products */,
			);
			sourceTree = "<group>";
		};
		12D9E55D2981BE72005C59B3 /* Products */ = {
			isa = PBXGroup;
			children = (
				12D9E55C2981BE72005C59B3 /* ScanMyMoney.app */,
				12D9E56C2981BE74005C59B3 /* ScanMyMoneyTests.xctest */,
				12D9E5762981BE74005C59B3 /* ScanMyMoneyUITests.xctest */,
			);
			name = Products;
			sourceTree = "<group>";
		};
		12D9E55E2981BE72005C59B3 /* ScanMyMoney */ = {
			isa = PBXGroup;
			children = (
				12D9E55F2981BE72005C59B3 /* ScanMyMoneyApp.swift */,
				12D9E5612981BE72005C59B3 /* ContentView.swift */,
				12D9E5632981BE74005C59B3 /* Assets.xcassets */,
				12D9E5652981BE74005C59B3 /* Preview Content */,
			);
			path = ScanMyMoney;
			sourceTree = "<group>";
		};
		12D9E5652981BE74005C59B3 /* Preview Content */ = {
			isa = PBXGroup;
			children = (
				12D9E5662981BE74005C59B3 /* Preview Assets.xcassets */,
			);
			path = "Preview Content";
			sourceTree = "<group>";
		};
		12D9E56F2981BE74005C59B3 /* ScanMyMoneyTests */ = {
			isa = PBXGroup;
			children = (
				12D9E5702981BE74005C59B3 /* ScanMyMoneyTests.swift */,
			);
			path = ScanMyMoneyTests;
			sourceTree = "<group>";
		};
		12D9E5792981BE74005C59B3 /* ScanMyMoneyUITests */ = {
			isa = PBXGroup;
			children = (
				12D9E57A2981BE74005C59B3 /* ScanMyMoneyUITests.swift */,
				12D9E57C2981BE74005C59B3 /* ScanMyMoneyUITestsLaunchTests.swift */,
			);
			path = ScanMyMoneyUITests;
			sourceTree = "<group>";
		};
/* End PBXGroup section */

/* Begin PBXNativeTarget section */
		12D9E55B2981BE72005C59B3 /* ScanMyMoney */ = {
			isa = PBXNativeTarget;
			buildConfigurationList = 12D9E5802981BE74005C59B3 /* Build configuration list for PBXNativeTarget "ScanMyMoney" */;
			buildPhases = (
				12D9E5582981BE72005C59B3 /* Sources */,
				12D9E5592981BE72005C59B3 /* Frameworks */,
				12D9E55A2981BE72005C59B3 /* Resources */,
			);
			buildRules = (
			);
			dependencies = (
			);
			name = ScanMyMoney;
			productName = ScanMyMoney;
			productReference = 12D9E55C2981BE72005C59B3 /* ScanMyMoney.app */;
			productType = "com.apple.product-type.application";
		};
		12D9E56B2981BE74005C59B3 /* ScanMyMoneyTests */ = {
			isa = PBXNativeTarget;
			buildConfigurationList = 12D9E5832981BE74005C59B3 /* Build configuration list for PBXNativeTarget "ScanMyMoneyTests" */;
			buildPhases = (
				12D9E5682981BE74005C59B3 /* Sources */,
				12D9E5692981BE74005C59B3 /* Frameworks */,
				12D9E56A2981BE74005C59B3 /* Resources */,
			);
			buildRules = (
			);
			dependencies = (
				12D9E56E2981BE74005C59B3 /* PBXTargetDependency */,
			);
			name = ScanMyMoneyTests;
			productName = ScanMyMoneyTests;
			productReference = 12D9E56C2981BE74005C59B3 /* ScanMyMoneyTests.xctest */;
			productType = "com.apple.product-type.bundle.unit-test";
		};
		12D9E5752981BE74005C59B3 /* ScanMyMoneyUITests */ = {
			isa = PBXNativeTarget;
			buildConfigurationList = 12D9E5862981BE74005C59B3 /* Build configuration list for PBXNativeTarget "ScanMyMoneyUITests" */;
			buildPhases = (
				12D9E5722981BE74005C59B3 /* Sources */,
				12D9E5732981BE74005C59B3 /* Frameworks */,
				12D9E5742981BE74005C59B3 /* Resources */,
			);
			buildRules = (
			);
			dependencies = (
				12D9E5782981BE74005C59B3 /* PBXTargetDependency */,
			);
			name = ScanMyMoneyUITests;
			productName = ScanMyMoneyUITests;
			productReference = 12D9E5762981BE74005C59B3 /* ScanMyMoneyUITests.xctest */;
			productType = "com.apple.product-type.bundle.ui-testing";
		};
/* End PBXNativeTarget section */

/* Begin PBXProject section */
		12D9E5542981BE72005C59B3 /* Project object */ = {
			isa = PBXProject;
			attributes = {
				BuildIndependentTargetsInParallel = 1;
				LastSwiftUpdateCheck = 1420;
				LastUpgradeCheck = 1420;
				TargetAttributes = {
					12D9E55B2981BE72005C59B3 = {
						CreatedOnToolsVersion = 14.2;
					};
					12D9E56B2981BE74005C59B3 = {
						CreatedOnToolsVersion = 14.2;
						TestTargetID = 12D9E55B2981BE72005C59B3;
					};
					12D9E5752981BE74005C59B3 = {
						CreatedOnToolsVersion = 14.2;
						TestTargetID = 12D9E55B2981BE72005C59B3;
					};
				};
			};
			buildConfigurationList = 12D9E5572981BE72005C59B3 /* Build configuration list for PBXProject "ScanMyMoney" */;
			compatibilityVersion = "Xcode 14.0";
			developmentRegion = en;
			hasScannedForEncodings = 0;
			knownRegions = (
				en,
				Base,
			);
			mainGroup = 12D9E5532981BE72005C59B3;
			productRefGroup = 12D9E55D2981BE72005C59B3 /* Products */;
			projectDirPath = "";
			projectRoot = "";
			targets = (
				12D9E55B2981BE72005C59B3 /* ScanMyMoney */,
				12D9E56B2981BE74005C59B3 /* ScanMyMoneyTests */,
				12D9E5752981BE74005C59B3 /* ScanMyMoneyUITests */,
			);
		};
/* End PBXProject section */

/* Begin PBXResourcesBuildPhase section */
		12D9E55A2981BE72005C59B3 /* Resources */ = {
			isa = PBXResourcesBuildPhase;
			buildActionMask = 2147483647;
			files = (
				12D9E5672981BE74005C59B3 /* Preview Assets.xcassets in Resources */,
				12D9E5642981BE74005C59B3 /* Assets.xcassets in Resources */,
			);
			runOnlyForDeploymentPostprocessing = 0;
		};
		12D9E56A2981BE74005C59B3 /* Resources */ = {
			isa = PBXResourcesBuildPhase;
			buildActionMask = 2147483647;
			files = (
			);
			runOnlyForDeploymentPostprocessing = 0;
		};
		12D9E5742981BE74005C59B3 /* Resources */ = {
			isa = PBXResourcesBuildPhase;
			buildActionMask = 2147483647;
			files = (
			);
			runOnlyForDeploymentPostprocessing = 0;
		};
/* End PBXResourcesBuildPhase section */

/* Begin PBXSourcesBuildPhase section */
		12D9E5582981BE72005C59B3 /* Sources */ = {
			isa = PBXSourcesBuildPhase;
			buildActionMask = 2147483647;
			files = (
				12D9E5622981BE72005C59B3 /* ContentView.swift in Sources */,
				12D9E5602981BE72005C59B3 /* ScanMyMoneyApp.swift in Sources */,
			);
			runOnlyForDeploymentPostprocessing = 0;
		};
		12D9E5682981BE74005C59B3 /* Sources */ = {
			isa = PBXSourcesBuildPhase;
			buildActionMask = 2147483647;
			files = (
				12D9E5712981BE74005C59B3 /* ScanMyMoneyTests.swift in Sources */,
			);
			runOnlyForDeploymentPostprocessing = 0;
		};
		12D9E5722981BE74005C59B3 /* Sources */ = {
			isa = PBXSourcesBuildPhase;
			buildActionMask = 2147483647;
			files = (
				12D9E57D2981BE74005C59B3 /* ScanMyMoneyUITestsLaunchTests.swift in Sources */,
				12D9E57B2981BE74005C59B3 /* ScanMyMoneyUITests.swift in Sources */,
			);
			runOnlyForDeploymentPostprocessing = 0;
		};
/* End PBXSourcesBuildPhase section */

/* Begin PBXTargetDependency section */
		12D9E56E2981BE74005C59B3 /* PBXTargetDependency */ = {
			isa = PBXTargetDependency;
			target = 12D9E55B2981BE72005C59B3 /* ScanMyMoney */;
			targetProxy = 12D9E56D2981BE74005C59B3 /* PBXContainerItemProxy */;
		};
		12D9E5782981BE74005C59B3 /* PBXTargetDependency */ = {
			isa = PBXTargetDependency;
			target = 12D9E55B2981BE72005C59B3 /* ScanMyMoney */;
			targetProxy = 12D9E5772981BE74005C59B3 /* PBXContainerItemProxy */;
		};
/* End PBXTargetDependency section */

/* Begin XCBuildConfiguration section */
		12D9E57E2981BE74005C59B3 /* Debug */ = {
			isa = XCBuildConfiguration;
			buildSettings = {
				ALWAYS_SEARCH_USER_PATHS = NO;
				CLANG_ANALYZER_NONNULL = YES;
				CLANG_ANALYZER_NUMBER_OBJECT_CONVERSION = YES_AGGRESSIVE;
				CLANG_CXX_LANGUAGE_STANDARD = "gnu++20";
				CLANG_ENABLE_MODULES = YES;
				CLANG_ENABLE_OBJC_ARC = YES;
				CLANG_ENABLE_OBJC_WEAK = YES;
				CLANG_WARN_BLOCK_CAPTURE_AUTORELEASING = YES;
				CLANG_WARN_BOOL_CONVERSION = YES;
				CLANG_WARN_COMMA = YES;
				CLANG_WARN_CONSTANT_CONVERSION = YES;
				CLANG_WARN_DEPRECATED_OBJC_IMPLEMENTATIONS = YES;
				CLANG_WARN_DIRECT_OBJC_ISA_USAGE = YES_ERROR;
				CLANG_WARN_DOCUMENTATION_COMMENTS = YES;
				CLANG_WARN_EMPTY_BODY = YES;
				CLANG_WARN_ENUM_CONVERSION = YES;
				CLANG_WARN_INFINITE_RECURSION = YES;
				CLANG_WARN_INT_CONVERSION = YES;
				CLANG_WARN_NON_LITERAL_NULL_CONVERSION = YES;
				CLANG_WARN_OBJC_IMPLICIT_RETAIN_SELF = YES;
				CLANG_WARN_OBJC_LITERAL_CONVERSION = YES;
				CLANG_WARN_OBJC_ROOT_CLASS = YES_ERROR;
				CLANG_WARN_QUOTED_INCLUDE_IN_FRAMEWORK_HEADER = YES;
				CLANG_WARN_RANGE_LOOP_ANALYSIS = YES;
				CLANG_WARN_STRICT_PROTOTYPES = YES;
				CLANG_WARN_SUSPICIOUS_MOVE = YES;
				CLANG_WARN_UNGUARDED_AVAILABILITY = YES_AGGRESSIVE;
				CLANG_WARN_UNREACHABLE_CODE = YES;
				CLANG_WARN__DUPLICATE_METHOD_MATCH = YES;
				COPY_PHASE_STRIP = NO;
				DEBUG_INFORMATION_FORMAT = dwarf;
				ENABLE_STRICT_OBJC_MSGSEND = YES;
				ENABLE_TESTABILITY = YES;
				GCC_C_LANGUAGE_STANDARD = gnu11;
				GCC_DYNAMIC_NO_PIC = NO;
				GCC_NO_COMMON_BLOCKS = YES;
				GCC_OPTIMIZATION_LEVEL = 0;
				GCC_PREPROCESSOR_DEFINITIONS = (
					"DEBUG=1",
					"$(inherited)",
				);
				GCC_WARN_64_TO_32_BIT_CONVERSION = YES;
				GCC_WARN_ABOUT_RETURN_TYPE = YES_ERROR;
				GCC_WARN_UNDECLARED_SELECTOR = YES;
				GCC_WARN_UNINITIALIZED_AUTOS = YES_AGGRESSIVE;
				GCC_WARN_UNUSED_FUNCTION = YES;
				GCC_WARN_UNUSED_VARIABLE = YES;
				IPHONEOS_DEPLOYMENT_TARGET = 16.2;
				MTL_ENABLE_DEBUG_INFO = INCLUDE_SOURCE;
				MTL_FAST_MATH = YES;
				ONLY_ACTIVE_ARCH = YES;
				SDKROOT = iphoneos;
				SWIFT_ACTIVE_COMPILATION_CONDITIONS = DEBUG;
				SWIFT_OPTIMIZATION_LEVEL = "-Onone";
			};
			name = Debug;
		};
		12D9E57F2981BE74005C59B3 /* Release */ = {
			isa = XCBuildConfiguration;
			buildSettings = {
				ALWAYS_SEARCH_USER_PATHS = NO;
				CLANG_ANALYZER_NONNULL = YES;
				CLANG_ANALYZER_NUMBER_OBJECT_CONVERSION = YES_AGGRESSIVE;
				CLANG_CXX_LANGUAGE_STANDARD = "gnu++20";
				CLANG_ENABLE_MODULES = YES;
				CLANG_ENABLE_OBJC_ARC = YES;
				CLANG_ENABLE_OBJC_WEAK = YES;
				CLANG_WARN_BLOCK_CAPTURE_AUTORELEASING = YES;
				CLANG_WARN_BOOL_CONVERSION = YES;
				CLANG_WARN_COMMA = YES;
				CLANG_WARN_CONSTANT_CONVERSION = YES;
				CLANG_WARN_DEPRECATED_OBJC_IMPLEMENTATIONS = YES;
				CLANG_WARN_DIRECT_OBJC_ISA_USAGE = YES_ERROR;
				CLANG_WARN_DOCUMENTATION_COMMENTS = YES;
				CLANG_WARN_EMPTY_BODY = YES;
				CLANG_WARN_ENUM_CONVERSION = YES;
				CLANG_WARN_INFINITE_RECURSION = YES;
				CLANG_WARN_INT_CONVERSION = YES;
				CLANG_WARN_NON_LITERAL_NULL_CONVERSION = YES;
				CLANG_WARN_OBJC_IMPLICIT_RETAIN_SELF = YES;
				CLANG_WARN_OBJC_LITERAL_CONVERSION = YES;
				CLANG_WARN_OBJC_ROOT_CLASS = YES_ERROR;
				CLANG_WARN_QUOTED_INCLUDE_IN_FRAMEWORK_HEADER = YES;
				CLANG_WARN_RANGE_LOOP_ANALYSIS = YES;
				CLANG_WARN_STRICT_PROTOTYPES = YES;
				CLANG_WARN_SUSPICIOUS_MOVE = YES;
				CLANG_WARN_UNGUARDED_AVAILABILITY = YES_AGGRESSIVE;
				CLANG_WARN_UNREACHABLE_CODE = YES;
				CLANG_WARN__DUPLICATE_METHOD_MATCH = YES;
				COPY_PHASE_STRIP = NO;
				DEBUG_INFORMATION_FORMAT = "dwarf-with-dsym";
				ENABLE_NS_ASSERTIONS = NO;
				ENABLE_STRICT_OBJC_MSGSEND = YES;
				GCC_C_LANGUAGE_STANDARD = gnu11;
				GCC_NO_COMMON_BLOCKS = YES;
				GCC_WARN_64_TO_32_BIT_CONVERSION = YES;
				GCC_WARN_ABOUT_RETURN_TYPE = YES_ERROR;
				GCC_WARN_UNDECLARED_SELECTOR = YES;
				GCC_WARN_UNINITIALIZED_AUTOS = YES_AGGRESSIVE;
				GCC_WARN_UNUSED_FUNCTION = YES;
				GCC_WARN_UNUSED_VARIABLE = YES;
				IPHONEOS_DEPLOYMENT_TARGET = 16.2;
				MTL_ENABLE_DEBUG_INFO = NO;
				MTL_FAST_MATH = YES;
				SDKROOT = iphoneos;
				SWIFT_COMPILATION_MODE = wholemodule;
				SWIFT_OPTIMIZATION_LEVEL = "-O";
				VALIDATE_PRODUCT = YES;
			};
			name = Release;
		};
		12D9E5812981BE74005C59B3 /* Debug */ = {
			isa = XCBuildConfiguration;
			buildSettings = {
				ASSETCATALOG_COMPILER_APPICON_NAME = AppIcon;
				ASSETCATALOG_COMPILER_GLOBAL_ACCENT_COLOR_NAME = AccentColor;
				CODE_SIGN_STYLE = Automatic;
				CURRENT_PROJECT_VERSION = 1;
				DEVELOPMENT_ASSET_PATHS = "\"ScanMyMoney/Preview Content\"";
				ENABLE_PREVIEWS = YES;
				GENERATE_INFOPLIST_FILE = YES;
				INFOPLIST_KEY_UIApplicationSceneManifest_Generation = YES;
				INFOPLIST_KEY_UIApplicationSupportsIndirectInputEvents = YES;
				INFOPLIST_KEY_UILaunchScreen_Generation = YES;
				INFOPLIST_KEY_UISupportedInterfaceOrientations_iPad = "UIInterfaceOrientationPortrait UIInterfaceOrientationPortraitUpsideDown UIInterfaceOrientationLandscapeLeft UIInterfaceOrientationLandscapeRight";
				INFOPLIST_KEY_UISupportedInterfaceOrientations_iPhone = "UIInterfaceOrientationPortrait UIInterfaceOrientationLandscapeLeft UIInterfaceOrientationLandscapeRight";
				LD_RUNPATH_SEARCH_PATHS = (
					"$(inherited)",
					"@executable_path/Frameworks",
				);
				MARKETING_VERSION = 1.0;
				PRODUCT_BUNDLE_IDENTIFIER = "CSE155-Project.ScanMyMoney";
				PRODUCT_NAME = "$(TARGET_NAME)";
				SWIFT_EMIT_LOC_STRINGS = YES;
				SWIFT_VERSION = 5.0;
				TARGETED_DEVICE_FAMILY = "1,2";
			};
			name = Debug;
		};
		12D9E5822981BE74005C59B3 /* Release */ = {
			isa = XCBuildConfiguration;
			buildSettings = {
				ASSETCATALOG_COMPILER_APPICON_NAME = AppIcon;
				ASSETCATALOG_COMPILER_GLOBAL_ACCENT_COLOR_NAME = AccentColor;
				CODE_SIGN_STYLE = Automatic;
				CURRENT_PROJECT_VERSION = 1;
				DEVELOPMENT_ASSET_PATHS = "\"ScanMyMoney/Preview Content\"";
				ENABLE_PREVIEWS = YES;
				GENERATE_INFOPLIST_FILE = YES;
				INFOPLIST_KEY_UIApplicationSceneManifest_Generation = YES;
				INFOPLIST_KEY_UIApplicationSupportsIndirectInputEvents = YES;
				INFOPLIST_KEY_UILaunchScreen_Generation = YES;
				INFOPLIST_KEY_UISupportedInterfaceOrientations_iPad = "UIInterfaceOrientationPortrait UIInterfaceOrientationPortraitUpsideDown UIInterfaceOrientationLandscapeLeft UIInterfaceOrientationLandscapeRight";
				INFOPLIST_KEY_UISupportedInterfaceOrientations_iPhone = "UIInterfaceOrientationPortrait UIInterfaceOrientationLandscapeLeft UIInterfaceOrientationLandscapeRight";
				LD_RUNPATH_SEARCH_PATHS = (
					"$(inherited)",
					"@executable_path/Frameworks",
				);
				MARKETING_VERSION = 1.0;
				PRODUCT_BUNDLE_IDENTIFIER = "CSE155-Project.ScanMyMoney";
				PRODUCT_NAME = "$(TARGET_NAME)";
				SWIFT_EMIT_LOC_STRINGS = YES;
				SWIFT_VERSION = 5.0;
				TARGETED_DEVICE_FAMILY = "1,2";
			};
			name = Release;
		};
		12D9E5842981BE74005C59B3 /* Debug */ = {
			isa = XCBuildConfiguration;
			buildSettings = {
				ALWAYS_EMBED_SWIFT_STANDARD_LIBRARIES = YES;
				BUNDLE_LOADER = "$(TEST_HOST)";
				CODE_SIGN_STYLE = Automatic;
				CURRENT_PROJECT_VERSION = 1;
				GENERATE_INFOPLIST_FILE = YES;
				IPHONEOS_DEPLOYMENT_TARGET = 16.2;
				MARKETING_VERSION = 1.0;
				PRODUCT_BUNDLE_IDENTIFIER = "CSE155-Project.ScanMyMoneyTests";
				PRODUCT_NAME = "$(TARGET_NAME)";
				SWIFT_EMIT_LOC_STRINGS = NO;
				SWIFT_VERSION = 5.0;
				TARGETED_DEVICE_FAMILY = "1,2";
				TEST_HOST = "$(BUILT_PRODUCTS_DIR)/ScanMyMoney.app/$(BUNDLE_EXECUTABLE_FOLDER_PATH)/ScanMyMoney";
			};
			name = Debug;
		};
		12D9E5852981BE74005C59B3 /* Release */ = {
			isa = XCBuildConfiguration;
			buildSettings = {
				ALWAYS_EMBED_SWIFT_STANDARD_LIBRARIES = YES;
				BUNDLE_LOADER = "$(TEST_HOST)";
				CODE_SIGN_STYLE = Automatic;
				CURRENT_PROJECT_VERSION = 1;
				GENERATE_INFOPLIST_FILE = YES;
				IPHONEOS_DEPLOYMENT_TARGET = 16.2;
				MARKETING_VERSION = 1.0;
				PRODUCT_BUNDLE_IDENTIFIER = "CSE155-Project.ScanMyMoneyTests";
				PRODUCT_NAME = "$(TARGET_NAME)";
				SWIFT_EMIT_LOC_STRINGS = NO;
				SWIFT_VERSION = 5.0;
				TARGETED_DEVICE_FAMILY = "1,2";
				TEST_HOST = "$(BUILT_PRODUCTS_DIR)/ScanMyMoney.app/$(BUNDLE_EXECUTABLE_FOLDER_PATH)/ScanMyMoney";
			};
			name = Release;
		};
		12D9E5872981BE74005C59B3 /* Debug */ = {
			isa = XCBuildConfiguration;
			buildSettings = {
				ALWAYS_EMBED_SWIFT_STANDARD_LIBRARIES = YES;
				CODE_SIGN_STYLE = Automatic;
				CURRENT_PROJECT_VERSION = 1;
				GENERATE_INFOPLIST_FILE = YES;
				MARKETING_VERSION = 1.0;
				PRODUCT_BUNDLE_IDENTIFIER = "CSE155-Project.ScanMyMoneyUITests";
				PRODUCT_NAME = "$(TARGET_NAME)";
				SWIFT_EMIT_LOC_STRINGS = NO;
				SWIFT_VERSION = 5.0;
				TARGETED_DEVICE_FAMILY = "1,2";
				TEST_TARGET_NAME = ScanMyMoney;
			};
			name = Debug;
		};
		12D9E5882981BE74005C59B3 /* Release */ = {
			isa = XCBuildConfiguration;
			buildSettings = {
				ALWAYS_EMBED_SWIFT_STANDARD_LIBRARIES = YES;
				CODE_SIGN_STYLE = Automatic;
				CURRENT_PROJECT_VERSION = 1;
				GENERATE_INFOPLIST_FILE = YES;
				MARKETING_VERSION = 1.0;
				PRODUCT_BUNDLE_IDENTIFIER = "CSE155-Project.ScanMyMoneyUITests";
				PRODUCT_NAME = "$(TARGET_NAME)";
				SWIFT_EMIT_LOC_STRINGS = NO;
				SWIFT_VERSION = 5.0;
				TARGETED_DEVICE_FAMILY = "1,2";
				TEST_TARGET_NAME = ScanMyMoney;
			};
			name = Release;
		};
/* End XCBuildConfiguration section */

/* Begin XCConfigurationList section */
		12D9E5572981BE72005C59B3 /* Build configuration list for PBXProject "ScanMyMoney" */ = {
			isa = XCConfigurationList;
			buildConfigurations = (
				12D9E57E2981BE74005C59B3 /* Debug */,
				12D9E57F2981BE74005C59B3 /* Release */,
			);
			defaultConfigurationIsVisible = 0;
			defaultConfigurationName = Release;
		};
		12D9E5802981BE74005C59B3 /* Build configuration list for PBXNativeTarget "ScanMyMoney" */ = {
			isa = XCConfigurationList;
			buildConfigurations = (
				12D9E5812981BE74005C59B3 /* Debug */,
				12D9E5822981BE74005C59B3 /* Release */,
			);
			defaultConfigurationIsVisible = 0;
			defaultConfigurationName = Release;
		};
		12D9E5832981BE74005C59B3 /* Build configuration list for PBXNativeTarget "ScanMyMoneyTests" */ = {
			isa = XCConfigurationList;
			buildConfigurations = (
				12D9E5842981BE74005C59B3 /* Debug */,
				12D9E5852981BE74005C59B3 /* Release */,
			);
			defaultConfigurationIsVisible = 0;
			defaultConfigurationName = Release;
		};
		12D9E5862981BE74005C59B3 /* Build configuration list for PBXNativeTarget "ScanMyMoneyUITests" */ = {
			isa = XCConfigurationList;
			buildConfigurations = (
				12D9E5872981BE74005C59B3 /* Debug */,
				12D9E5882981BE74005C59B3 /* Release */,
			);
			defaultConfigurationIsVisible = 0;
			defaultConfigurationName = Release;
		};
/* End XCConfigurationList section */
	};
	rootObject = 12D9E5542981BE72005C59B3 /* Project object */;
}
